
Microsoft Visual Studio Solution File, Format Version 12.00
# Visual Studio Version 17
VisualStudioVersion = 17.8.34330.188
MinimumVisualStudioVersion = 10.0.40219.1
Project("{FAE04EC0-301F-11D3-BF4B-00C04F79EFBC}") = "profeTours_V1.Server", "profeTours_V1.Server\profeTours_V1.Server.csproj", "{8F2A23AE-EC95-4857-B7A1-F326453DBE29}"
EndProject
Project("{54A90642-561A-4BB1-A94E-469ADEE60C69}") = "profetours_v1.client", "profetours_v1.client\profetours_v1.client.esproj", "{B3AF5160-AE8C-4B10-AF86-B15FBE11FF83}"
EndProject
Global
	GlobalSection(SolutionConfigurationPlatforms) = preSolution
		Debug|Any CPU = Debug|Any CPU
		Release|Any CPU = Release|Any CPU
	EndGlobalSection
	GlobalSection(ProjectConfigurationPlatforms) = postSolution
		{8F2A23AE-EC95-4857-B7A1-F326453DBE29}.Debug|Any CPU.ActiveCfg = Debug|Any CPU
		{8F2A23AE-EC95-4857-B7A1-F326453DBE29}.Debug|Any CPU.Build.0 = Debug|Any CPU
		{8F2A23AE-EC95-4857-B7A1-F326453DBE29}.Release|Any CPU.ActiveCfg = Release|Any CPU
		{8F2A23AE-EC95-4857-B7A1-F326453DBE29}.Release|Any CPU.Build.0 = Release|Any CPU
		{B3AF5160-AE8C-4B10-AF86-B15FBE11FF83}.Debug|Any CPU.ActiveCfg = Debug|Any CPU
		{B3AF5160-AE8C-4B10-AF86-B15FBE11FF83}.Debug|Any CPU.Build.0 = Debug|Any CPU
		{B3AF5160-AE8C-4B10-AF86-B15FBE11FF83}.Debug|Any CPU.Deploy.0 = Debug|Any CPU
		{B3AF5160-AE8C-4B10-AF86-B15FBE11FF83}.Release|Any CPU.ActiveCfg = Release|Any CPU
		{B3AF5160-AE8C-4B10-AF86-B15FBE11FF83}.Release|Any CPU.Build.0 = Release|Any CPU
		{B3AF5160-AE8C-4B10-AF86-B15FBE11FF83}.Release|Any CPU.Deploy.0 = Release|Any CPU
	EndGlobalSection
	GlobalSection(SolutionProperties) = preSolution
		HideSolutionNode = FALSE
	EndGlobalSection
	GlobalSection(ExtensibilityGlobals) = postSolution
		SolutionGuid = {DCB689FD-C5A0-4D91-9DD0-05013ABC8633}
	EndGlobalSection
EndGlobal
